
Microsoft Visual Studio Solution File, Format Version 12.00
# Visual Studio Version 16
VisualStudioVersion = 16.0.29025.244
MinimumVisualStudioVersion = 10.0.40219.1
Project("{FAE04EC0-301F-11D3-BF4B-00C04F79EFBC}") = "DirectumToJira", "DirectumToJira.csproj", "{3606C058-778C-43B9-9344-0279E3034A9C}"
EndProject
Global
	GlobalSection(SolutionConfigurationPlatforms) = preSolution
		Debug|Any CPU = Debug|Any CPU
		Release|Any CPU = Release|Any CPU
	EndGlobalSection
	GlobalSection(ProjectConfigurationPlatforms) = postSolution
		{3606C058-778C-43B9-9344-0279E3034A9C}.Debug|Any CPU.ActiveCfg = Debug|Any CPU
		{3606C058-778C-43B9-9344-0279E3034A9C}.Debug|Any CPU.Build.0 = Debug|Any CPU
		{3606C058-778C-43B9-9344-0279E3034A9C}.Release|Any CPU.ActiveCfg = Release|Any CPU
		{3606C058-778C-43B9-9344-0279E3034A9C}.Release|Any CPU.Build.0 = Release|Any CPU
	EndGlobalSection
	GlobalSection(SolutionProperties) = preSolution
		HideSolutionNode = FALSE
	EndGlobalSection
	GlobalSection(ExtensibilityGlobals) = postSolution
		SolutionGuid = {24527077-CBC4-4375-A8F4-B2175757230F}
	EndGlobalSection
EndGlobal
